schema: '2.0'
stages:
  download:
    cmd: stages/01_download.sh
    deps:
    - path: stages/01_download.sh
      hash: md5
      md5: 6b8250c6f0e206f6a44cb905624d79cf
      size: 1650
      isexec: true
    outs:
    - path: brick
      hash: md5
      md5: 587c86b115cea214cbc77022636cf6d9.dir
      size: 19287758146
      nfiles: 232
